
Microsoft Visual Studio Solution File, Format Version 12.00
# Visual Studio 15
VisualStudioVersion = 15.0.28307.106
MinimumVisualStudioVersion = 10.0.40219.1
Project("{9A19103F-16F7-4668-BE54-9A1E7A4F7556}") = "SendTestClient", "SendTestClient\SendTestClient.csproj", "{A5916659-388C-4F37-8F0D-35EF5011B99D}"
EndProject
Project("{9A19103F-16F7-4668-BE54-9A1E7A4F7556}") = "RecieveEPHClient", "RecieveEPHClient\RecieveEPHClient.csproj", "{AA6CE955-39C8-4AF6-921E-66A3192C4E1B}"
EndProject
Project("{9A19103F-16F7-4668-BE54-9A1E7A4F7556}") = "UnitTestSmartButton", "UnitTestSmartButton\UnitTestSmartButton.csproj", "{B55F647C-7712-4DD0-BBC9-0C7830282CB7}"
EndProject
Global
	GlobalSection(SolutionConfigurationPlatforms) = preSolution
		Debug|Any CPU = Debug|Any CPU
		Release|Any CPU = Release|Any CPU
	EndGlobalSection
	GlobalSection(ProjectConfigurationPlatforms) = postSolution
		{A5916659-388C-4F37-8F0D-35EF5011B99D}.Debug|Any CPU.ActiveCfg = Debug|Any CPU
		{A5916659-388C-4F37-8F0D-35EF5011B99D}.Debug|Any CPU.Build.0 = Debug|Any CPU
		{A5916659-388C-4F37-8F0D-35EF5011B99D}.Release|Any CPU.ActiveCfg = Release|Any CPU
		{A5916659-388C-4F37-8F0D-35EF5011B99D}.Release|Any CPU.Build.0 = Release|Any CPU
		{AA6CE955-39C8-4AF6-921E-66A3192C4E1B}.Debug|Any CPU.ActiveCfg = Debug|Any CPU
		{AA6CE955-39C8-4AF6-921E-66A3192C4E1B}.Debug|Any CPU.Build.0 = Debug|Any CPU
		{AA6CE955-39C8-4AF6-921E-66A3192C4E1B}.Release|Any CPU.ActiveCfg = Release|Any CPU
		{AA6CE955-39C8-4AF6-921E-66A3192C4E1B}.Release|Any CPU.Build.0 = Release|Any CPU
		{B55F647C-7712-4DD0-BBC9-0C7830282CB7}.Debug|Any CPU.ActiveCfg = Debug|Any CPU
		{B55F647C-7712-4DD0-BBC9-0C7830282CB7}.Debug|Any CPU.Build.0 = Debug|Any CPU
		{B55F647C-7712-4DD0-BBC9-0C7830282CB7}.Release|Any CPU.ActiveCfg = Release|Any CPU
		{B55F647C-7712-4DD0-BBC9-0C7830282CB7}.Release|Any CPU.Build.0 = Release|Any CPU
	EndGlobalSection
	GlobalSection(SolutionProperties) = preSolution
		HideSolutionNode = FALSE
	EndGlobalSection
	GlobalSection(ExtensibilityGlobals) = postSolution
		SolutionGuid = {87855487-AEAE-4B1B-9CC8-83C73922F38C}
	EndGlobalSection
EndGlobal
