
Microsoft Visual Studio Solution File, Format Version 12.00
# Visual Studio 15
VisualStudioVersion = 15.0.28307.106
MinimumVisualStudioVersion = 10.0.40219.1
Project("{FAE04EC0-301F-11D3-BF4B-00C04F79EFBC}") = "SendTestClient", "SendTestClient\SendTestClient.csproj", "{A5916659-388C-4F37-8F0D-35EF5011B99D}"
EndProject
Global
	GlobalSection(SolutionConfigurationPlatforms) = preSolution
		Debug|Any CPU = Debug|Any CPU
		Release|Any CPU = Release|Any CPU
	EndGlobalSection
	GlobalSection(ProjectConfigurationPlatforms) = postSolution
		{A5916659-388C-4F37-8F0D-35EF5011B99D}.Debug|Any CPU.ActiveCfg = Debug|Any CPU
		{A5916659-388C-4F37-8F0D-35EF5011B99D}.Debug|Any CPU.Build.0 = Debug|Any CPU
		{A5916659-388C-4F37-8F0D-35EF5011B99D}.Release|Any CPU.ActiveCfg = Release|Any CPU
		{A5916659-388C-4F37-8F0D-35EF5011B99D}.Release|Any CPU.Build.0 = Release|Any CPU
	EndGlobalSection
	GlobalSection(SolutionProperties) = preSolution
		HideSolutionNode = FALSE
	EndGlobalSection
	GlobalSection(ExtensibilityGlobals) = postSolution
		SolutionGuid = {87855487-AEAE-4B1B-9CC8-83C73922F38C}
	EndGlobalSection
EndGlobal
